// !$*UTF8*$!
{
	archiveVersion = 1;
	classes = {
	};
	objectVersion = 56;
	objects = {

/* Begin PBXBuildFile section */
		9707CEE02A81B32A00659BA6 /* Credentials.plist in Resources */ = {isa = PBXBuildFile; fileRef = 9707CEDF2A81B32A00659BA6 /* Credentials.plist */; };
		9726E7AA2A5E265B00DA05D4 /* LastFMViewModel.m in Sources */ = {isa = PBXBuildFile; fileRef = 9726E7A92A5E265B00DA05D4 /* LastFMViewModel.m */; };
		9772A9BD2A610698000AF46A /* LastFMDetailViewController.m in Sources */ = {isa = PBXBuildFile; fileRef = 9772A9BC2A610698000AF46A /* LastFMDetailViewController.m */; };
		97939C412A39592500C327FE /* AppDelegate.m in Sources */ = {isa = PBXBuildFile; fileRef = 97939C402A39592500C327FE /* AppDelegate.m */; };
		97939C442A39592500C327FE /* SceneDelegate.m in Sources */ = {isa = PBXBuildFile; fileRef = 97939C432A39592500C327FE /* SceneDelegate.m */; };
		97939C4C2A39592600C327FE /* Assets.xcassets in Resources */ = {isa = PBXBuildFile; fileRef = 97939C4B2A39592600C327FE /* Assets.xcassets */; };
		97939C4F2A39592600C327FE /* LaunchScreen.storyboard in Resources */ = {isa = PBXBuildFile; fileRef = 97939C4D2A39592600C327FE /* LaunchScreen.storyboard */; };
		97939C622A3959BD00C327FE /* LastFMTableViewController.m in Sources */ = {isa = PBXBuildFile; fileRef = 97939C612A3959BD00C327FE /* LastFMTableViewController.m */; };
		97939C652A395E0000C327FE /* main.m in Sources */ = {isa = PBXBuildFile; fileRef = 97939C642A395E0000C327FE /* main.m */; };
		97D2CC222A83126900C7D5F2 /* CryptoSwift in Frameworks */ = {isa = PBXBuildFile; productRef = 97D2CC212A83126900C7D5F2 /* CryptoSwift */; };
		97F078092A3C0E7800FE4A3F /* LastFMTableViewCell.swift in Sources */ = {isa = PBXBuildFile; fileRef = 97F078082A3C0E7800FE4A3F /* LastFMTableViewCell.swift */; };
		97F1166B2A7EF62400A51E8E /* ArtistInfo.swift in Sources */ = {isa = PBXBuildFile; fileRef = 97F1166A2A7EF62400A51E8E /* ArtistInfo.swift */; };
		97F1166D2A7EF62C00A51E8E /* ArtistBio.swift in Sources */ = {isa = PBXBuildFile; fileRef = 97F1166C2A7EF62C00A51E8E /* ArtistBio.swift */; };
		97F1166F2A7EF69E00A51E8E /* LastFMImage.swift in Sources */ = {isa = PBXBuildFile; fileRef = 97F1166E2A7EF69E00A51E8E /* LastFMImage.swift */; };
		97F116712A7EF88400A51E8E /* APINetwork.swift in Sources */ = {isa = PBXBuildFile; fileRef = 97F116702A7EF88400A51E8E /* APINetwork.swift */; };
		97F116762A7F07D100A51E8E /* APIManager.swift in Sources */ = {isa = PBXBuildFile; fileRef = 97F116752A7F07D100A51E8E /* APIManager.swift */; };
/* End PBXBuildFile section */

/* Begin PBXFileReference section */
		9707CEDF2A81B32A00659BA6 /* Credentials.plist */ = {isa = PBXFileReference; lastKnownFileType = text.plist.xml; path = Credentials.plist; sourceTree = "<group>"; };
		9726E7A92A5E265B00DA05D4 /* LastFMViewModel.m */ = {isa = PBXFileReference; lastKnownFileType = sourcecode.c.objc; name = LastFMViewModel.m; path = UIKitCustomViews/LastFMViewModel.m; sourceTree = SOURCE_ROOT; };
		9726E7AB2A5E266600DA05D4 /* LastFMViewModel.h */ = {isa = PBXFileReference; lastKnownFileType = sourcecode.c.h; name = LastFMViewModel.h; path = UIKitCustomViews/LastFMViewModel.h; sourceTree = SOURCE_ROOT; };
		9772A9BB2A610698000AF46A /* LastFMDetailViewController.h */ = {isa = PBXFileReference; lastKnownFileType = sourcecode.c.h; path = LastFMDetailViewController.h; sourceTree = "<group>"; };
		9772A9BC2A610698000AF46A /* LastFMDetailViewController.m */ = {isa = PBXFileReference; lastKnownFileType = sourcecode.c.objc; path = LastFMDetailViewController.m; sourceTree = "<group>"; };
		97939C3C2A39592500C327FE /* UIKitCustomViews.app */ = {isa = PBXFileReference; explicitFileType = wrapper.application; includeInIndex = 0; path = UIKitCustomViews.app; sourceTree = BUILT_PRODUCTS_DIR; };
		97939C3F2A39592500C327FE /* AppDelegate.h */ = {isa = PBXFileReference; lastKnownFileType = sourcecode.c.h; path = AppDelegate.h; sourceTree = "<group>"; };
		97939C402A39592500C327FE /* AppDelegate.m */ = {isa = PBXFileReference; lastKnownFileType = sourcecode.c.objc; path = AppDelegate.m; sourceTree = "<group>"; };
		97939C422A39592500C327FE /* SceneDelegate.h */ = {isa = PBXFileReference; lastKnownFileType = sourcecode.c.h; path = SceneDelegate.h; sourceTree = "<group>"; };
		97939C432A39592500C327FE /* SceneDelegate.m */ = {isa = PBXFileReference; lastKnownFileType = sourcecode.c.objc; path = SceneDelegate.m; sourceTree = "<group>"; };
		97939C4B2A39592600C327FE /* Assets.xcassets */ = {isa = PBXFileReference; lastKnownFileType = folder.assetcatalog; path = Assets.xcassets; sourceTree = "<group>"; };
		97939C4E2A39592600C327FE /* Base */ = {isa = PBXFileReference; lastKnownFileType = file.storyboard; name = Base; path = Base.lproj/LaunchScreen.storyboard; sourceTree = "<group>"; };
		97939C502A39592600C327FE /* Info.plist */ = {isa = PBXFileReference; lastKnownFileType = text.plist.xml; path = Info.plist; sourceTree = "<group>"; };
		97939C612A3959BD00C327FE /* LastFMTableViewController.m */ = {isa = PBXFileReference; lastKnownFileType = sourcecode.c.objc; path = LastFMTableViewController.m; sourceTree = "<group>"; };
		97939C632A3959CA00C327FE /* LastFMTableViewController.h */ = {isa = PBXFileReference; lastKnownFileType = sourcecode.c.h; path = LastFMTableViewController.h; sourceTree = "<group>"; };
		97939C642A395E0000C327FE /* main.m */ = {isa = PBXFileReference; fileEncoding = 4; lastKnownFileType = sourcecode.c.objc; path = main.m; sourceTree = "<group>"; };
		97C076452A8047BC0009D025 /* ArtistInfoWrapper.h */ = {isa = PBXFileReference; lastKnownFileType = sourcecode.c.h; path = ArtistInfoWrapper.h; sourceTree = "<group>"; };
		97F078072A3C0E7800FE4A3F /* UIKitCustomViews-Bridging-Header.h */ = {isa = PBXFileReference; lastKnownFileType = sourcecode.c.h; path = "UIKitCustomViews-Bridging-Header.h"; sourceTree = "<group>"; };
		97F078082A3C0E7800FE4A3F /* LastFMTableViewCell.swift */ = {isa = PBXFileReference; lastKnownFileType = sourcecode.swift; path = LastFMTableViewCell.swift; sourceTree = "<group>"; };
		97F1166A2A7EF62400A51E8E /* ArtistInfo.swift */ = {isa = PBXFileReference; lastKnownFileType = sourcecode.swift; path = ArtistInfo.swift; sourceTree = "<group>"; };
		97F1166C2A7EF62C00A51E8E /* ArtistBio.swift */ = {isa = PBXFileReference; lastKnownFileType = sourcecode.swift; path = ArtistBio.swift; sourceTree = "<group>"; };
		97F1166E2A7EF69E00A51E8E /* LastFMImage.swift */ = {isa = PBXFileReference; lastKnownFileType = sourcecode.swift; path = LastFMImage.swift; sourceTree = "<group>"; };
		97F116702A7EF88400A51E8E /* APINetwork.swift */ = {isa = PBXFileReference; lastKnownFileType = sourcecode.swift; path = APINetwork.swift; sourceTree = "<group>"; };
		97F116752A7F07D100A51E8E /* APIManager.swift */ = {isa = PBXFileReference; lastKnownFileType = sourcecode.swift; path = APIManager.swift; sourceTree = "<group>"; };
/* End PBXFileReference section */

/* Begin PBXFrameworksBuildPhase section */
		97939C392A39592500C327FE /* Frameworks */ = {
			isa = PBXFrameworksBuildPhase;
			buildActionMask = 2147483647;
			files = (
				97D2CC222A83126900C7D5F2 /* CryptoSwift in Frameworks */,
			);
			runOnlyForDeploymentPostprocessing = 0;
		};
/* End PBXFrameworksBuildPhase section */

/* Begin PBXGroup section */
		97939C332A39592500C327FE = {
			isa = PBXGroup;
			children = (
				97939C3E2A39592500C327FE /* UIKitCustomViews */,
				97939C3D2A39592500C327FE /* Products */,
			);
			sourceTree = "<group>";
		};
		97939C3D2A39592500C327FE /* Products */ = {
			isa = PBXGroup;
			children = (
				97939C3C2A39592500C327FE /* UIKitCustomViews.app */,
			);
			name = Products;
			sourceTree = "<group>";
		};
		97939C3E2A39592500C327FE /* UIKitCustomViews */ = {
			isa = PBXGroup;
			children = (
				97939C5B2A39594F00C327FE /* Models */,
				97939C5A2A39594500C327FE /* Views */,
				97939C592A39593E00C327FE /* ViewModels */,
				97939C582A39593200C327FE /* Supporting */,
				97F116742A7F07B600A51E8E /* Managers */,
				97F116692A7EF46B00A51E8E /* Networking */,
				97F078072A3C0E7800FE4A3F /* UIKitCustomViews-Bridging-Header.h */,
				97939C4D2A39592600C327FE /* LaunchScreen.storyboard */,
				97939C502A39592600C327FE /* Info.plist */,
				97939C642A395E0000C327FE /* main.m */,
				9707CEDF2A81B32A00659BA6 /* Credentials.plist */,
			);
			path = UIKitCustomViews;
			sourceTree = "<group>";
		};
		97939C582A39593200C327FE /* Supporting */ = {
			isa = PBXGroup;
			children = (
				97F116682A7EF20600A51E8E /* Assets */,
				97F116662A7EF1D300A51E8E /* AppDelegate */,
				97F116672A7EF1E600A51E8E /* SceneDelegate */,
			);
			path = Supporting;
			sourceTree = "<group>";
		};
		97939C592A39593E00C327FE /* ViewModels */ = {
			isa = PBXGroup;
			children = (
				9726E7AB2A5E266600DA05D4 /* LastFMViewModel.h */,
				9726E7A92A5E265B00DA05D4 /* LastFMViewModel.m */,
			);
			path = ViewModels;
			sourceTree = "<group>";
		};
		97939C5A2A39594500C327FE /* Views */ = {
			isa = PBXGroup;
			children = (
				97939C632A3959CA00C327FE /* LastFMTableViewController.h */,
				97939C612A3959BD00C327FE /* LastFMTableViewController.m */,
				9772A9BB2A610698000AF46A /* LastFMDetailViewController.h */,
				9772A9BC2A610698000AF46A /* LastFMDetailViewController.m */,
				97939C5C2A39595600C327FE /* Cells */,
			);
			path = Views;
			sourceTree = "<group>";
		};
		97939C5B2A39594F00C327FE /* Models */ = {
			isa = PBXGroup;
			children = (
				97C076452A8047BC0009D025 /* ArtistInfoWrapper.h */,
				97F1166A2A7EF62400A51E8E /* ArtistInfo.swift */,
				97F1166C2A7EF62C00A51E8E /* ArtistBio.swift */,
				97F1166E2A7EF69E00A51E8E /* LastFMImage.swift */,
			);
			path = Models;
			sourceTree = "<group>";
		};
		97939C5C2A39595600C327FE /* Cells */ = {
			isa = PBXGroup;
			children = (
				97F078082A3C0E7800FE4A3F /* LastFMTableViewCell.swift */,
			);
			path = Cells;
			sourceTree = "<group>";
		};
		97F116662A7EF1D300A51E8E /* AppDelegate */ = {
			isa = PBXGroup;
			children = (
				97939C3F2A39592500C327FE /* AppDelegate.h */,
				97939C402A39592500C327FE /* AppDelegate.m */,
			);
			path = AppDelegate;
			sourceTree = "<group>";
		};
		97F116672A7EF1E600A51E8E /* SceneDelegate */ = {
			isa = PBXGroup;
			children = (
				97939C422A39592500C327FE /* SceneDelegate.h */,
				97939C432A39592500C327FE /* SceneDelegate.m */,
			);
			path = SceneDelegate;
			sourceTree = "<group>";
		};
		97F116682A7EF20600A51E8E /* Assets */ = {
			isa = PBXGroup;
			children = (
				97939C4B2A39592600C327FE /* Assets.xcassets */,
			);
			path = Assets;
			sourceTree = "<group>";
		};
		97F116692A7EF46B00A51E8E /* Networking */ = {
			isa = PBXGroup;
			children = (
				97F116702A7EF88400A51E8E /* APINetwork.swift */,
			);
			path = Networking;
			sourceTree = "<group>";
		};
		97F116742A7F07B600A51E8E /* Managers */ = {
			isa = PBXGroup;
			children = (
				97F116752A7F07D100A51E8E /* APIManager.swift */,
			);
			path = Managers;
			sourceTree = "<group>";
		};
/* End PBXGroup section */

/* Begin PBXNativeTarget section */
		97939C3B2A39592500C327FE /* UIKitCustomViews */ = {
			isa = PBXNativeTarget;
			buildConfigurationList = 97939C552A39592600C327FE /* Build configuration list for PBXNativeTarget "UIKitCustomViews" */;
			buildPhases = (
				97939C382A39592500C327FE /* Sources */,
				97939C392A39592500C327FE /* Frameworks */,
				97939C3A2A39592500C327FE /* Resources */,
			);
			buildRules = (
			);
			dependencies = (
			);
			name = UIKitCustomViews;
			packageProductDependencies = (
				97D2CC212A83126900C7D5F2 /* CryptoSwift */,
			);
			productName = UIKitCustomViews;
			productReference = 97939C3C2A39592500C327FE /* UIKitCustomViews.app */;
			productType = "com.apple.product-type.application";
		};
/* End PBXNativeTarget section */

/* Begin PBXProject section */
		97939C342A39592500C327FE /* Project object */ = {
			isa = PBXProject;
			attributes = {
				BuildIndependentTargetsInParallel = 1;
				LastUpgradeCheck = 1420;
				TargetAttributes = {
					97939C3B2A39592500C327FE = {
						CreatedOnToolsVersion = 14.2;
						LastSwiftMigration = 1420;
					};
				};
			};
			buildConfigurationList = 97939C372A39592500C327FE /* Build configuration list for PBXProject "UIKitCustomViews" */;
			compatibilityVersion = "Xcode 14.0";
			developmentRegion = en;
			hasScannedForEncodings = 0;
			knownRegions = (
				en,
				Base,
			);
			mainGroup = 97939C332A39592500C327FE;
			packageReferences = (
				97D2CC202A83126900C7D5F2 /* XCRemoteSwiftPackageReference "CryptoSwift" */,
			);
			productRefGroup = 97939C3D2A39592500C327FE /* Products */;
			projectDirPath = "";
			projectRoot = "";
			targets = (
				97939C3B2A39592500C327FE /* UIKitCustomViews */,
			);
		};
/* End PBXProject section */

/* Begin PBXResourcesBuildPhase section */
		97939C3A2A39592500C327FE /* Resources */ = {
			isa = PBXResourcesBuildPhase;
			buildActionMask = 2147483647;
			files = (
				9707CEE02A81B32A00659BA6 /* Credentials.plist in Resources */,
				97939C4F2A39592600C327FE /* LaunchScreen.storyboard in Resources */,
				97939C4C2A39592600C327FE /* Assets.xcassets in Resources */,
			);
			runOnlyForDeploymentPostprocessing = 0;
		};
/* End PBXResourcesBuildPhase section */

/* Begin PBXSourcesBuildPhase section */
		97939C382A39592500C327FE /* Sources */ = {
			isa = PBXSourcesBuildPhase;
			buildActionMask = 2147483647;
			files = (
				97F116762A7F07D100A51E8E /* APIManager.swift in Sources */,
				97939C652A395E0000C327FE /* main.m in Sources */,
				97939C412A39592500C327FE /* AppDelegate.m in Sources */,
				97F1166F2A7EF69E00A51E8E /* LastFMImage.swift in Sources */,
				9726E7AA2A5E265B00DA05D4 /* LastFMViewModel.m in Sources */,
				97F078092A3C0E7800FE4A3F /* LastFMTableViewCell.swift in Sources */,
				97F1166D2A7EF62C00A51E8E /* ArtistBio.swift in Sources */,
				97939C442A39592500C327FE /* SceneDelegate.m in Sources */,
				97939C622A3959BD00C327FE /* LastFMTableViewController.m in Sources */,
				97F116712A7EF88400A51E8E /* APINetwork.swift in Sources */,
				97F1166B2A7EF62400A51E8E /* ArtistInfo.swift in Sources */,
				9772A9BD2A610698000AF46A /* LastFMDetailViewController.m in Sources */,
			);
			runOnlyForDeploymentPostprocessing = 0;
		};
/* End PBXSourcesBuildPhase section */

/* Begin PBXVariantGroup section */
		97939C4D2A39592600C327FE /* LaunchScreen.storyboard */ = {
			isa = PBXVariantGroup;
			children = (
				97939C4E2A39592600C327FE /* Base */,
			);
			name = LaunchScreen.storyboard;
			sourceTree = "<group>";
		};
/* End PBXVariantGroup section */

/* Begin XCBuildConfiguration section */
		97939C532A39592600C327FE /* Debug */ = {
			isa = XCBuildConfiguration;
			buildSettings = {
				ALWAYS_SEARCH_USER_PATHS = NO;
				CLANG_ANALYZER_NONNULL = YES;
				CLANG_ANALYZER_NUMBER_OBJECT_CONVERSION = YES_AGGRESSIVE;
				CLANG_CXX_LANGUAGE_STANDARD = "gnu++20";
				CLANG_ENABLE_MODULES = YES;
				CLANG_ENABLE_OBJC_ARC = YES;
				CLANG_ENABLE_OBJC_WEAK = YES;
				CLANG_WARN_BLOCK_CAPTURE_AUTORELEASING = YES;
				CLANG_WARN_BOOL_CONVERSION = YES;
				CLANG_WARN_COMMA = YES;
				CLANG_WARN_CONSTANT_CONVERSION = YES;
				CLANG_WARN_DEPRECATED_OBJC_IMPLEMENTATIONS = YES;
				CLANG_WARN_DIRECT_OBJC_ISA_USAGE = YES_ERROR;
				CLANG_WARN_DOCUMENTATION_COMMENTS = YES;
				CLANG_WARN_EMPTY_BODY = YES;
				CLANG_WARN_ENUM_CONVERSION = YES;
				CLANG_WARN_INFINITE_RECURSION = YES;
				CLANG_WARN_INT_CONVERSION = YES;
				CLANG_WARN_NON_LITERAL_NULL_CONVERSION = YES;
				CLANG_WARN_OBJC_IMPLICIT_RETAIN_SELF = YES;
				CLANG_WARN_OBJC_LITERAL_CONVERSION = YES;
				CLANG_WARN_OBJC_ROOT_CLASS = YES_ERROR;
				CLANG_WARN_QUOTED_INCLUDE_IN_FRAMEWORK_HEADER = YES;
				CLANG_WARN_RANGE_LOOP_ANALYSIS = YES;
				CLANG_WARN_STRICT_PROTOTYPES = YES;
				CLANG_WARN_SUSPICIOUS_MOVE = YES;
				CLANG_WARN_UNGUARDED_AVAILABILITY = YES_AGGRESSIVE;
				CLANG_WARN_UNREACHABLE_CODE = YES;
				CLANG_WARN__DUPLICATE_METHOD_MATCH = YES;
				COPY_PHASE_STRIP = NO;
				DEBUG_INFORMATION_FORMAT = dwarf;
				ENABLE_STRICT_OBJC_MSGSEND = YES;
				ENABLE_TESTABILITY = YES;
				GCC_C_LANGUAGE_STANDARD = gnu11;
				GCC_DYNAMIC_NO_PIC = NO;
				GCC_NO_COMMON_BLOCKS = YES;
				GCC_OPTIMIZATION_LEVEL = 0;
				GCC_PREPROCESSOR_DEFINITIONS = (
					"DEBUG=1",
					"$(inherited)",
				);
				GCC_WARN_64_TO_32_BIT_CONVERSION = YES;
				GCC_WARN_ABOUT_RETURN_TYPE = YES_ERROR;
				GCC_WARN_UNDECLARED_SELECTOR = YES;
				GCC_WARN_UNINITIALIZED_AUTOS = YES_AGGRESSIVE;
				GCC_WARN_UNUSED_FUNCTION = YES;
				GCC_WARN_UNUSED_VARIABLE = YES;
				IPHONEOS_DEPLOYMENT_TARGET = 16.2;
				MTL_ENABLE_DEBUG_INFO = INCLUDE_SOURCE;
				MTL_FAST_MATH = YES;
				ONLY_ACTIVE_ARCH = YES;
				SDKROOT = iphoneos;
			};
			name = Debug;
		};
		97939C542A39592600C327FE /* Release */ = {
			isa = XCBuildConfiguration;
			buildSettings = {
				ALWAYS_SEARCH_USER_PATHS = NO;
				CLANG_ANALYZER_NONNULL = YES;
				CLANG_ANALYZER_NUMBER_OBJECT_CONVERSION = YES_AGGRESSIVE;
				CLANG_CXX_LANGUAGE_STANDARD = "gnu++20";
				CLANG_ENABLE_MODULES = YES;
				CLANG_ENABLE_OBJC_ARC = YES;
				CLANG_ENABLE_OBJC_WEAK = YES;
				CLANG_WARN_BLOCK_CAPTURE_AUTORELEASING = YES;
				CLANG_WARN_BOOL_CONVERSION = YES;
				CLANG_WARN_COMMA = YES;
				CLANG_WARN_CONSTANT_CONVERSION = YES;
				CLANG_WARN_DEPRECATED_OBJC_IMPLEMENTATIONS = YES;
				CLANG_WARN_DIRECT_OBJC_ISA_USAGE = YES_ERROR;
				CLANG_WARN_DOCUMENTATION_COMMENTS = YES;
				CLANG_WARN_EMPTY_BODY = YES;
				CLANG_WARN_ENUM_CONVERSION = YES;
				CLANG_WARN_INFINITE_RECURSION = YES;
				CLANG_WARN_INT_CONVERSION = YES;
				CLANG_WARN_NON_LITERAL_NULL_CONVERSION = YES;
				CLANG_WARN_OBJC_IMPLICIT_RETAIN_SELF = YES;
				CLANG_WARN_OBJC_LITERAL_CONVERSION = YES;
				CLANG_WARN_OBJC_ROOT_CLASS = YES_ERROR;
				CLANG_WARN_QUOTED_INCLUDE_IN_FRAMEWORK_HEADER = YES;
				CLANG_WARN_RANGE_LOOP_ANALYSIS = YES;
				CLANG_WARN_STRICT_PROTOTYPES = YES;
				CLANG_WARN_SUSPICIOUS_MOVE = YES;
				CLANG_WARN_UNGUARDED_AVAILABILITY = YES_AGGRESSIVE;
				CLANG_WARN_UNREACHABLE_CODE = YES;
				CLANG_WARN__DUPLICATE_METHOD_MATCH = YES;
				COPY_PHASE_STRIP = NO;
				DEBUG_INFORMATION_FORMAT = "dwarf-with-dsym";
				ENABLE_NS_ASSERTIONS = NO;
				ENABLE_STRICT_OBJC_MSGSEND = YES;
				GCC_C_LANGUAGE_STANDARD = gnu11;
				GCC_NO_COMMON_BLOCKS = YES;
				GCC_WARN_64_TO_32_BIT_CONVERSION = YES;
				GCC_WARN_ABOUT_RETURN_TYPE = YES_ERROR;
				GCC_WARN_UNDECLARED_SELECTOR = YES;
				GCC_WARN_UNINITIALIZED_AUTOS = YES_AGGRESSIVE;
				GCC_WARN_UNUSED_FUNCTION = YES;
				GCC_WARN_UNUSED_VARIABLE = YES;
				IPHONEOS_DEPLOYMENT_TARGET = 16.2;
				MTL_ENABLE_DEBUG_INFO = NO;
				MTL_FAST_MATH = YES;
				SDKROOT = iphoneos;
				VALIDATE_PRODUCT = YES;
			};
			name = Release;
		};
		97939C562A39592600C327FE /* Debug */ = {
			isa = XCBuildConfiguration;
			buildSettings = {
				ASSETCATALOG_COMPILER_APPICON_NAME = AppIcon;
				ASSETCATALOG_COMPILER_GLOBAL_ACCENT_COLOR_NAME = AccentColor;
				CLANG_ENABLE_MODULES = YES;
				CODE_SIGN_STYLE = Automatic;
				CURRENT_PROJECT_VERSION = 1;
				DEVELOPMENT_TEAM = XF3J5LBN9H;
				GENERATE_INFOPLIST_FILE = YES;
				INFOPLIST_FILE = UIKitCustomViews/Info.plist;
				INFOPLIST_KEY_UIApplicationSupportsIndirectInputEvents = YES;
				INFOPLIST_KEY_UILaunchStoryboardName = LaunchScreen;
				INFOPLIST_KEY_UISupportedInterfaceOrientations_iPad = "UIInterfaceOrientationPortrait UIInterfaceOrientationPortraitUpsideDown UIInterfaceOrientationLandscapeLeft UIInterfaceOrientationLandscapeRight";
				INFOPLIST_KEY_UISupportedInterfaceOrientations_iPhone = "UIInterfaceOrientationPortrait UIInterfaceOrientationLandscapeLeft UIInterfaceOrientationLandscapeRight";
				LD_RUNPATH_SEARCH_PATHS = (
					"$(inherited)",
					"@executable_path/Frameworks",
				);
				MARKETING_VERSION = 1.0;
				PRODUCT_BUNDLE_IDENTIFIER = lgalancid.UIKitCustomViews;
				PRODUCT_NAME = "$(TARGET_NAME)";
				SWIFT_EMIT_LOC_STRINGS = YES;
				SWIFT_OBJC_BRIDGING_HEADER = "/Users/lgalancid/maxi/UIKitCustomViews/UIKitCustomViews/UIKitCustomViews-Bridging-Header.h";
				SWIFT_OPTIMIZATION_LEVEL = "-Onone";
				SWIFT_VERSION = 5.0;
				TARGETED_DEVICE_FAMILY = "1,2";
			};
			name = Debug;
		};
		97939C572A39592600C327FE /* Release */ = {
			isa = XCBuildConfiguration;
			buildSettings = {
				ASSETCATALOG_COMPILER_APPICON_NAME = AppIcon;
				ASSETCATALOG_COMPILER_GLOBAL_ACCENT_COLOR_NAME = AccentColor;
				CLANG_ENABLE_MODULES = YES;
				CODE_SIGN_STYLE = Automatic;
				CURRENT_PROJECT_VERSION = 1;
				DEVELOPMENT_TEAM = XF3J5LBN9H;
				GENERATE_INFOPLIST_FILE = YES;
				INFOPLIST_FILE = UIKitCustomViews/Info.plist;
				INFOPLIST_KEY_UIApplicationSupportsIndirectInputEvents = YES;
				INFOPLIST_KEY_UILaunchStoryboardName = LaunchScreen;
				INFOPLIST_KEY_UISupportedInterfaceOrientations_iPad = "UIInterfaceOrientationPortrait UIInterfaceOrientationPortraitUpsideDown UIInterfaceOrientationLandscapeLeft UIInterfaceOrientationLandscapeRight";
				INFOPLIST_KEY_UISupportedInterfaceOrientations_iPhone = "UIInterfaceOrientationPortrait UIInterfaceOrientationLandscapeLeft UIInterfaceOrientationLandscapeRight";
				LD_RUNPATH_SEARCH_PATHS = (
					"$(inherited)",
					"@executable_path/Frameworks",
				);
				MARKETING_VERSION = 1.0;
				PRODUCT_BUNDLE_IDENTIFIER = lgalancid.UIKitCustomViews;
				PRODUCT_NAME = "$(TARGET_NAME)";
				SWIFT_EMIT_LOC_STRINGS = YES;
				SWIFT_OBJC_BRIDGING_HEADER = "/Users/lgalancid/maxi/UIKitCustomViews/UIKitCustomViews/UIKitCustomViews-Bridging-Header.h";
				SWIFT_VERSION = 5.0;
				TARGETED_DEVICE_FAMILY = "1,2";
			};
			name = Release;
		};
/* End XCBuildConfiguration section */

/* Begin XCConfigurationList section */
		97939C372A39592500C327FE /* Build configuration list for PBXProject "UIKitCustomViews" */ = {
			isa = XCConfigurationList;
			buildConfigurations = (
				97939C532A39592600C327FE /* Debug */,
				97939C542A39592600C327FE /* Release */,
			);
			defaultConfigurationIsVisible = 0;
			defaultConfigurationName = Release;
		};
		97939C552A39592600C327FE /* Build configuration list for PBXNativeTarget "UIKitCustomViews" */ = {
			isa = XCConfigurationList;
			buildConfigurations = (
				97939C562A39592600C327FE /* Debug */,
				97939C572A39592600C327FE /* Release */,
			);
			defaultConfigurationIsVisible = 0;
			defaultConfigurationName = Release;
		};
/* End XCConfigurationList section */

/* Begin XCRemoteSwiftPackageReference section */
		97D2CC202A83126900C7D5F2 /* XCRemoteSwiftPackageReference "CryptoSwift" */ = {
			isa = XCRemoteSwiftPackageReference;
			repositoryURL = "https://github.com/krzyzanowskim/CryptoSwift";
			requirement = {
				kind = upToNextMajorVersion;
				minimumVersion = 1.0.0;
			};
		};
/* End XCRemoteSwiftPackageReference section */

/* Begin XCSwiftPackageProductDependency section */
		97D2CC212A83126900C7D5F2 /* CryptoSwift */ = {
			isa = XCSwiftPackageProductDependency;
			package = 97D2CC202A83126900C7D5F2 /* XCRemoteSwiftPackageReference "CryptoSwift" */;
			productName = CryptoSwift;
		};
/* End XCSwiftPackageProductDependency section */
	};
	rootObject = 97939C342A39592500C327FE /* Project object */;
}
